
Microsoft Visual Studio Solution File, Format Version 12.00
# Visual Studio Version 16
VisualStudioVersion = 16.0.29418.71
MinimumVisualStudioVersion = 10.0.40219.1
Project("{FAE04EC0-301F-11D3-BF4B-00C04F79EFBC}") = "TryingCalculatorAgain2", "TryingCalculatorAgain2\TryingCalculatorAgain2.csproj", "{BBBEC046-0491-4B26-98B2-BD02AF565919}"
EndProject
Project("{FAE04EC0-301F-11D3-BF4B-00C04F79EFBC}") = "tester", "tester\tester.csproj", "{69DF4AAC-6F64-4996-B415-FA5F78F81B43}"
EndProject
Global
	GlobalSection(SolutionConfigurationPlatforms) = preSolution
		Debug|Any CPU = Debug|Any CPU
		Release|Any CPU = Release|Any CPU
	EndGlobalSection
	GlobalSection(ProjectConfigurationPlatforms) = postSolution
		{BBBEC046-0491-4B26-98B2-BD02AF565919}.Debug|Any CPU.ActiveCfg = Debug|Any CPU
		{BBBEC046-0491-4B26-98B2-BD02AF565919}.Debug|Any CPU.Build.0 = Debug|Any CPU
		{BBBEC046-0491-4B26-98B2-BD02AF565919}.Release|Any CPU.ActiveCfg = Release|Any CPU
		{BBBEC046-0491-4B26-98B2-BD02AF565919}.Release|Any CPU.Build.0 = Release|Any CPU
		{69DF4AAC-6F64-4996-B415-FA5F78F81B43}.Debug|Any CPU.ActiveCfg = Debug|Any CPU
		{69DF4AAC-6F64-4996-B415-FA5F78F81B43}.Debug|Any CPU.Build.0 = Debug|Any CPU
		{69DF4AAC-6F64-4996-B415-FA5F78F81B43}.Release|Any CPU.ActiveCfg = Release|Any CPU
		{69DF4AAC-6F64-4996-B415-FA5F78F81B43}.Release|Any CPU.Build.0 = Release|Any CPU
	EndGlobalSection
	GlobalSection(SolutionProperties) = preSolution
		HideSolutionNode = FALSE
	EndGlobalSection
	GlobalSection(ExtensibilityGlobals) = postSolution
		SolutionGuid = {6D4A7765-45A1-4A08-BB93-86E48909E457}
	EndGlobalSection
EndGlobal
